
Microsoft Visual Studio Solution File, Format Version 12.00
# Visual Studio 15
VisualStudioVersion = 15.0.27130.2024
MinimumVisualStudioVersion = 10.0.40219.1
Project("{FAE04EC0-301F-11D3-BF4B-00C04F79EFBC}") = "AtlantTest", "AtlantTest\AtlantTest.csproj", "{A04DB015-D7C1-467A-B58E-7E6B09A81186}"
EndProject
Global
	GlobalSection(SolutionConfigurationPlatforms) = preSolution
		Debug|Any CPU = Debug|Any CPU
		Release|Any CPU = Release|Any CPU
	EndGlobalSection
	GlobalSection(ProjectConfigurationPlatforms) = postSolution
		{A04DB015-D7C1-467A-B58E-7E6B09A81186}.Debug|Any CPU.ActiveCfg = Debug|Any CPU
		{A04DB015-D7C1-467A-B58E-7E6B09A81186}.Debug|Any CPU.Build.0 = Debug|Any CPU
		{A04DB015-D7C1-467A-B58E-7E6B09A81186}.Release|Any CPU.ActiveCfg = Release|Any CPU
		{A04DB015-D7C1-467A-B58E-7E6B09A81186}.Release|Any CPU.Build.0 = Release|Any CPU
	EndGlobalSection
	GlobalSection(SolutionProperties) = preSolution
		HideSolutionNode = FALSE
	EndGlobalSection
	GlobalSection(ExtensibilityGlobals) = postSolution
		SolutionGuid = {D896A00F-76FE-4C3A-A91D-BA7910947250}
	EndGlobalSection
EndGlobal
